
Microsoft Visual Studio Solution File, Format Version 12.00
# Visual Studio Version 17
VisualStudioVersion = 17.5.33530.505
MinimumVisualStudioVersion = 10.0.40219.1
Project("{FAE04EC0-301F-11D3-BF4B-00C04F79EFBC}") = "UATP_CardPayment", "UATP_CardPayment.csproj", "{498E5DDA-4CD7-45D8-BC65-F08FB4A05831}"
EndProject
Global
	GlobalSection(SolutionConfigurationPlatforms) = preSolution
		Debug|Any CPU = Debug|Any CPU
		Release|Any CPU = Release|Any CPU
	EndGlobalSection
	GlobalSection(ProjectConfigurationPlatforms) = postSolution
		{498E5DDA-4CD7-45D8-BC65-F08FB4A05831}.Debug|Any CPU.ActiveCfg = Debug|Any CPU
		{498E5DDA-4CD7-45D8-BC65-F08FB4A05831}.Debug|Any CPU.Build.0 = Debug|Any CPU
		{498E5DDA-4CD7-45D8-BC65-F08FB4A05831}.Release|Any CPU.ActiveCfg = Release|Any CPU
		{498E5DDA-4CD7-45D8-BC65-F08FB4A05831}.Release|Any CPU.Build.0 = Release|Any CPU
	EndGlobalSection
	GlobalSection(SolutionProperties) = preSolution
		HideSolutionNode = FALSE
	EndGlobalSection
	GlobalSection(ExtensibilityGlobals) = postSolution
		SolutionGuid = {1D26A881-FE7F-4C11-8BA7-01A19F35ECFC}
	EndGlobalSection
EndGlobal
